
Microsoft Visual Studio Solution File, Format Version 12.00
# Visual Studio 14
VisualStudioVersion = 14.0.24720.0
MinimumVisualStudioVersion = 10.0.40219.1
Project("{FAE04EC0-301F-11D3-BF4B-00C04F79EFBC}") = "Sistema_Hotel", "Sistema_Hotel\Sistema_Hotel.csproj", "{42E528C8-EFDB-45C2-8AC0-2BC89D9E83D6}"
EndProject
Project("{FAE04EC0-301F-11D3-BF4B-00C04F79EFBC}") = "Clases_Hotel", "Clases_Hotel\Clases_Hotel.csproj", "{577D89FA-F949-45BE-B000-D8CA2A7B58F5}"
EndProject
Global
	GlobalSection(SolutionConfigurationPlatforms) = preSolution
		Debug|Any CPU = Debug|Any CPU
		Release|Any CPU = Release|Any CPU
	EndGlobalSection
	GlobalSection(ProjectConfigurationPlatforms) = postSolution
		{42E528C8-EFDB-45C2-8AC0-2BC89D9E83D6}.Debug|Any CPU.ActiveCfg = Debug|Any CPU
		{42E528C8-EFDB-45C2-8AC0-2BC89D9E83D6}.Debug|Any CPU.Build.0 = Debug|Any CPU
		{42E528C8-EFDB-45C2-8AC0-2BC89D9E83D6}.Release|Any CPU.ActiveCfg = Release|Any CPU
		{42E528C8-EFDB-45C2-8AC0-2BC89D9E83D6}.Release|Any CPU.Build.0 = Release|Any CPU
		{577D89FA-F949-45BE-B000-D8CA2A7B58F5}.Debug|Any CPU.ActiveCfg = Debug|Any CPU
		{577D89FA-F949-45BE-B000-D8CA2A7B58F5}.Debug|Any CPU.Build.0 = Debug|Any CPU
		{577D89FA-F949-45BE-B000-D8CA2A7B58F5}.Release|Any CPU.ActiveCfg = Release|Any CPU
		{577D89FA-F949-45BE-B000-D8CA2A7B58F5}.Release|Any CPU.Build.0 = Release|Any CPU
	EndGlobalSection
	GlobalSection(SolutionProperties) = preSolution
		HideSolutionNode = FALSE
	EndGlobalSection
EndGlobal
